
Microsoft Visual Studio Solution File, Format Version 12.00
# Visual Studio 15
Project("{FAE04EC0-301F-11D3-BF4B-00C04F79EFBC}") = "Lists.Android", "Lists.Android\Lists.Android.csproj", "{9DB9DE79-1F9A-4CE0-9D19-9C2238D9278F}"
EndProject
Project("{FAE04EC0-301F-11D3-BF4B-00C04F79EFBC}") = "Lists.iOS", "Lists.iOS\Lists.iOS.csproj", "{5A865489-AB27-48B1-811F-9C0A78675340}"
EndProject
Project("{FAE04EC0-301F-11D3-BF4B-00C04F79EFBC}") = "Lists", "Lists\Lists.csproj", "{CFEF3A24-EA2D-4527-BEF6-000342DBFC20}"
EndProject
Global
	GlobalSection(SolutionConfigurationPlatforms) = preSolution
		Debug|Any CPU = Debug|Any CPU
		Release|Any CPU = Release|Any CPU
		Debug|iPhoneSimulator = Debug|iPhoneSimulator
		Release|iPhoneSimulator = Release|iPhoneSimulator
		Debug|iPhone = Debug|iPhone
		Release|iPhone = Release|iPhone
		Ad-Hoc|iPhone = Ad-Hoc|iPhone
		AppStore|iPhone = AppStore|iPhone
	EndGlobalSection
	GlobalSection(ProjectConfigurationPlatforms) = postSolution
		{9DB9DE79-1F9A-4CE0-9D19-9C2238D9278F}.Debug|Any CPU.ActiveCfg = Debug|Any CPU
		{9DB9DE79-1F9A-4CE0-9D19-9C2238D9278F}.Debug|Any CPU.Build.0 = Debug|Any CPU
		{9DB9DE79-1F9A-4CE0-9D19-9C2238D9278F}.Release|Any CPU.ActiveCfg = Release|Any CPU
		{9DB9DE79-1F9A-4CE0-9D19-9C2238D9278F}.Release|Any CPU.Build.0 = Release|Any CPU
		{9DB9DE79-1F9A-4CE0-9D19-9C2238D9278F}.Debug|iPhoneSimulator.ActiveCfg = Debug|Any CPU
		{9DB9DE79-1F9A-4CE0-9D19-9C2238D9278F}.Debug|iPhoneSimulator.Build.0 = Debug|Any CPU
		{9DB9DE79-1F9A-4CE0-9D19-9C2238D9278F}.Release|iPhoneSimulator.ActiveCfg = Release|Any CPU
		{9DB9DE79-1F9A-4CE0-9D19-9C2238D9278F}.Release|iPhoneSimulator.Build.0 = Release|Any CPU
		{9DB9DE79-1F9A-4CE0-9D19-9C2238D9278F}.Debug|iPhone.ActiveCfg = Debug|Any CPU
		{9DB9DE79-1F9A-4CE0-9D19-9C2238D9278F}.Debug|iPhone.Build.0 = Debug|Any CPU
		{9DB9DE79-1F9A-4CE0-9D19-9C2238D9278F}.Release|iPhone.ActiveCfg = Release|Any CPU
		{9DB9DE79-1F9A-4CE0-9D19-9C2238D9278F}.Release|iPhone.Build.0 = Release|Any CPU
		{9DB9DE79-1F9A-4CE0-9D19-9C2238D9278F}.Ad-Hoc|iPhone.ActiveCfg = Debug|Any CPU
		{9DB9DE79-1F9A-4CE0-9D19-9C2238D9278F}.Ad-Hoc|iPhone.Build.0 = Debug|Any CPU
		{9DB9DE79-1F9A-4CE0-9D19-9C2238D9278F}.AppStore|iPhone.ActiveCfg = Debug|Any CPU
		{9DB9DE79-1F9A-4CE0-9D19-9C2238D9278F}.AppStore|iPhone.Build.0 = Debug|Any CPU
		{5A865489-AB27-48B1-811F-9C0A78675340}.Debug|Any CPU.ActiveCfg = Debug|iPhoneSimulator
		{5A865489-AB27-48B1-811F-9C0A78675340}.Debug|Any CPU.Build.0 = Debug|iPhoneSimulator
		{5A865489-AB27-48B1-811F-9C0A78675340}.Release|Any CPU.ActiveCfg = Release|iPhoneSimulator
		{5A865489-AB27-48B1-811F-9C0A78675340}.Release|Any CPU.Build.0 = Release|iPhoneSimulator
		{5A865489-AB27-48B1-811F-9C0A78675340}.Debug|iPhoneSimulator.ActiveCfg = Debug|iPhoneSimulator
		{5A865489-AB27-48B1-811F-9C0A78675340}.Debug|iPhoneSimulator.Build.0 = Debug|iPhoneSimulator
		{5A865489-AB27-48B1-811F-9C0A78675340}.Release|iPhoneSimulator.ActiveCfg = Release|iPhoneSimulator
		{5A865489-AB27-48B1-811F-9C0A78675340}.Release|iPhoneSimulator.Build.0 = Release|iPhoneSimulator
		{5A865489-AB27-48B1-811F-9C0A78675340}.Debug|iPhone.ActiveCfg = Debug|iPhone
		{5A865489-AB27-48B1-811F-9C0A78675340}.Debug|iPhone.Build.0 = Debug|iPhone
		{5A865489-AB27-48B1-811F-9C0A78675340}.Release|iPhone.ActiveCfg = Release|iPhone
		{5A865489-AB27-48B1-811F-9C0A78675340}.Release|iPhone.Build.0 = Release|iPhone
		{5A865489-AB27-48B1-811F-9C0A78675340}.Ad-Hoc|iPhone.ActiveCfg = Ad-Hoc|iPhone
		{5A865489-AB27-48B1-811F-9C0A78675340}.Ad-Hoc|iPhone.Build.0 = Ad-Hoc|iPhone
		{5A865489-AB27-48B1-811F-9C0A78675340}.AppStore|iPhone.ActiveCfg = AppStore|iPhone
		{5A865489-AB27-48B1-811F-9C0A78675340}.AppStore|iPhone.Build.0 = AppStore|iPhone
		{CFEF3A24-EA2D-4527-BEF6-000342DBFC20}.Debug|Any CPU.ActiveCfg = Debug|Any CPU
		{CFEF3A24-EA2D-4527-BEF6-000342DBFC20}.Debug|Any CPU.Build.0 = Debug|Any CPU
		{CFEF3A24-EA2D-4527-BEF6-000342DBFC20}.Release|Any CPU.ActiveCfg = Release|Any CPU
		{CFEF3A24-EA2D-4527-BEF6-000342DBFC20}.Release|Any CPU.Build.0 = Release|Any CPU
		{CFEF3A24-EA2D-4527-BEF6-000342DBFC20}.Debug|iPhoneSimulator.ActiveCfg = Debug|Any CPU
		{CFEF3A24-EA2D-4527-BEF6-000342DBFC20}.Debug|iPhoneSimulator.Build.0 = Debug|Any CPU
		{CFEF3A24-EA2D-4527-BEF6-000342DBFC20}.Release|iPhoneSimulator.ActiveCfg = Release|Any CPU
		{CFEF3A24-EA2D-4527-BEF6-000342DBFC20}.Release|iPhoneSimulator.Build.0 = Release|Any CPU
		{CFEF3A24-EA2D-4527-BEF6-000342DBFC20}.Debug|iPhone.ActiveCfg = Debug|Any CPU
		{CFEF3A24-EA2D-4527-BEF6-000342DBFC20}.Debug|iPhone.Build.0 = Debug|Any CPU
		{CFEF3A24-EA2D-4527-BEF6-000342DBFC20}.Release|iPhone.ActiveCfg = Release|Any CPU
		{CFEF3A24-EA2D-4527-BEF6-000342DBFC20}.Release|iPhone.Build.0 = Release|Any CPU
		{CFEF3A24-EA2D-4527-BEF6-000342DBFC20}.Ad-Hoc|iPhone.ActiveCfg = Debug|Any CPU
		{CFEF3A24-EA2D-4527-BEF6-000342DBFC20}.Ad-Hoc|iPhone.Build.0 = Debug|Any CPU
		{CFEF3A24-EA2D-4527-BEF6-000342DBFC20}.AppStore|iPhone.ActiveCfg = Debug|Any CPU
		{CFEF3A24-EA2D-4527-BEF6-000342DBFC20}.AppStore|iPhone.Build.0 = Debug|Any CPU
	EndGlobalSection
EndGlobal
