
Microsoft Visual Studio Solution File, Format Version 12.00
# Visual Studio 15
Project("{FAE04EC0-301F-11D3-BF4B-00C04F79EFBC}") = "Quotes_App.Android", "Quotes_App.Android\Quotes_App.Android.csproj", "{72FB7A5C-BB43-40D8-89D8-6092CCD7808E}"
EndProject
Project("{FAE04EC0-301F-11D3-BF4B-00C04F79EFBC}") = "Quotes_App.iOS", "Quotes_App.iOS\Quotes_App.iOS.csproj", "{A6260AEB-9C52-4C6A-ACE1-7495CFD5547E}"
EndProject
Project("{FAE04EC0-301F-11D3-BF4B-00C04F79EFBC}") = "Quotes_App", "Quotes_App\Quotes_App.csproj", "{06774C04-92C8-475F-B728-9D38D57D41F5}"
EndProject
Global
	GlobalSection(SolutionConfigurationPlatforms) = preSolution
		Debug|Any CPU = Debug|Any CPU
		Release|Any CPU = Release|Any CPU
		Debug|iPhoneSimulator = Debug|iPhoneSimulator
		Release|iPhoneSimulator = Release|iPhoneSimulator
		Debug|iPhone = Debug|iPhone
		Release|iPhone = Release|iPhone
		Ad-Hoc|iPhone = Ad-Hoc|iPhone
		AppStore|iPhone = AppStore|iPhone
	EndGlobalSection
	GlobalSection(ProjectConfigurationPlatforms) = postSolution
		{72FB7A5C-BB43-40D8-89D8-6092CCD7808E}.Debug|Any CPU.ActiveCfg = Debug|Any CPU
		{72FB7A5C-BB43-40D8-89D8-6092CCD7808E}.Debug|Any CPU.Build.0 = Debug|Any CPU
		{72FB7A5C-BB43-40D8-89D8-6092CCD7808E}.Release|Any CPU.ActiveCfg = Release|Any CPU
		{72FB7A5C-BB43-40D8-89D8-6092CCD7808E}.Release|Any CPU.Build.0 = Release|Any CPU
		{72FB7A5C-BB43-40D8-89D8-6092CCD7808E}.Debug|iPhoneSimulator.ActiveCfg = Debug|Any CPU
		{72FB7A5C-BB43-40D8-89D8-6092CCD7808E}.Debug|iPhoneSimulator.Build.0 = Debug|Any CPU
		{72FB7A5C-BB43-40D8-89D8-6092CCD7808E}.Release|iPhoneSimulator.ActiveCfg = Release|Any CPU
		{72FB7A5C-BB43-40D8-89D8-6092CCD7808E}.Release|iPhoneSimulator.Build.0 = Release|Any CPU
		{72FB7A5C-BB43-40D8-89D8-6092CCD7808E}.Debug|iPhone.ActiveCfg = Debug|Any CPU
		{72FB7A5C-BB43-40D8-89D8-6092CCD7808E}.Debug|iPhone.Build.0 = Debug|Any CPU
		{72FB7A5C-BB43-40D8-89D8-6092CCD7808E}.Release|iPhone.ActiveCfg = Release|Any CPU
		{72FB7A5C-BB43-40D8-89D8-6092CCD7808E}.Release|iPhone.Build.0 = Release|Any CPU
		{72FB7A5C-BB43-40D8-89D8-6092CCD7808E}.Ad-Hoc|iPhone.ActiveCfg = Debug|Any CPU
		{72FB7A5C-BB43-40D8-89D8-6092CCD7808E}.Ad-Hoc|iPhone.Build.0 = Debug|Any CPU
		{72FB7A5C-BB43-40D8-89D8-6092CCD7808E}.AppStore|iPhone.ActiveCfg = Debug|Any CPU
		{72FB7A5C-BB43-40D8-89D8-6092CCD7808E}.AppStore|iPhone.Build.0 = Debug|Any CPU
		{A6260AEB-9C52-4C6A-ACE1-7495CFD5547E}.Debug|Any CPU.ActiveCfg = Debug|iPhoneSimulator
		{A6260AEB-9C52-4C6A-ACE1-7495CFD5547E}.Debug|Any CPU.Build.0 = Debug|iPhoneSimulator
		{A6260AEB-9C52-4C6A-ACE1-7495CFD5547E}.Release|Any CPU.ActiveCfg = Release|iPhoneSimulator
		{A6260AEB-9C52-4C6A-ACE1-7495CFD5547E}.Release|Any CPU.Build.0 = Release|iPhoneSimulator
		{A6260AEB-9C52-4C6A-ACE1-7495CFD5547E}.Debug|iPhoneSimulator.ActiveCfg = Debug|iPhoneSimulator
		{A6260AEB-9C52-4C6A-ACE1-7495CFD5547E}.Debug|iPhoneSimulator.Build.0 = Debug|iPhoneSimulator
		{A6260AEB-9C52-4C6A-ACE1-7495CFD5547E}.Release|iPhoneSimulator.ActiveCfg = Release|iPhoneSimulator
		{A6260AEB-9C52-4C6A-ACE1-7495CFD5547E}.Release|iPhoneSimulator.Build.0 = Release|iPhoneSimulator
		{A6260AEB-9C52-4C6A-ACE1-7495CFD5547E}.Debug|iPhone.ActiveCfg = Debug|iPhone
		{A6260AEB-9C52-4C6A-ACE1-7495CFD5547E}.Debug|iPhone.Build.0 = Debug|iPhone
		{A6260AEB-9C52-4C6A-ACE1-7495CFD5547E}.Release|iPhone.ActiveCfg = Release|iPhone
		{A6260AEB-9C52-4C6A-ACE1-7495CFD5547E}.Release|iPhone.Build.0 = Release|iPhone
		{A6260AEB-9C52-4C6A-ACE1-7495CFD5547E}.Ad-Hoc|iPhone.ActiveCfg = Ad-Hoc|iPhone
		{A6260AEB-9C52-4C6A-ACE1-7495CFD5547E}.Ad-Hoc|iPhone.Build.0 = Ad-Hoc|iPhone
		{A6260AEB-9C52-4C6A-ACE1-7495CFD5547E}.AppStore|iPhone.ActiveCfg = AppStore|iPhone
		{A6260AEB-9C52-4C6A-ACE1-7495CFD5547E}.AppStore|iPhone.Build.0 = AppStore|iPhone
		{06774C04-92C8-475F-B728-9D38D57D41F5}.Debug|Any CPU.ActiveCfg = Debug|Any CPU
		{06774C04-92C8-475F-B728-9D38D57D41F5}.Debug|Any CPU.Build.0 = Debug|Any CPU
		{06774C04-92C8-475F-B728-9D38D57D41F5}.Release|Any CPU.ActiveCfg = Release|Any CPU
		{06774C04-92C8-475F-B728-9D38D57D41F5}.Release|Any CPU.Build.0 = Release|Any CPU
		{06774C04-92C8-475F-B728-9D38D57D41F5}.Debug|iPhoneSimulator.ActiveCfg = Debug|Any CPU
		{06774C04-92C8-475F-B728-9D38D57D41F5}.Debug|iPhoneSimulator.Build.0 = Debug|Any CPU
		{06774C04-92C8-475F-B728-9D38D57D41F5}.Release|iPhoneSimulator.ActiveCfg = Release|Any CPU
		{06774C04-92C8-475F-B728-9D38D57D41F5}.Release|iPhoneSimulator.Build.0 = Release|Any CPU
		{06774C04-92C8-475F-B728-9D38D57D41F5}.Debug|iPhone.ActiveCfg = Debug|Any CPU
		{06774C04-92C8-475F-B728-9D38D57D41F5}.Debug|iPhone.Build.0 = Debug|Any CPU
		{06774C04-92C8-475F-B728-9D38D57D41F5}.Release|iPhone.ActiveCfg = Release|Any CPU
		{06774C04-92C8-475F-B728-9D38D57D41F5}.Release|iPhone.Build.0 = Release|Any CPU
		{06774C04-92C8-475F-B728-9D38D57D41F5}.Ad-Hoc|iPhone.ActiveCfg = Debug|Any CPU
		{06774C04-92C8-475F-B728-9D38D57D41F5}.Ad-Hoc|iPhone.Build.0 = Debug|Any CPU
		{06774C04-92C8-475F-B728-9D38D57D41F5}.AppStore|iPhone.ActiveCfg = Debug|Any CPU
		{06774C04-92C8-475F-B728-9D38D57D41F5}.AppStore|iPhone.Build.0 = Debug|Any CPU
	EndGlobalSection
EndGlobal
